// !$*UTF8*$!
{
	archiveVersion = 1;
	classes = {
	};
	objectVersion = 50;
	objects = {

/* Begin PBXBuildFile section */
		0826D1F622E0495600FAACE8 /* EditTableViewController.swift in Sources */ = {isa = PBXBuildFile; fileRef = 0826D1F522E0495600FAACE8 /* EditTableViewController.swift */; };
		08D0A4FF22E201D40042E5BB /* heehee.jpg in Resources */ = {isa = PBXBuildFile; fileRef = 08D0A4FE22E201D40042E5BB /* heehee.jpg */; };
		6886C86E22D96EE600F34E86 /* AppDelegate.swift in Sources */ = {isa = PBXBuildFile; fileRef = 6886C86D22D96EE600F34E86 /* AppDelegate.swift */; };
		6886C87022D96EE600F34E86 /* ViewController.swift in Sources */ = {isa = PBXBuildFile; fileRef = 6886C86F22D96EE600F34E86 /* ViewController.swift */; };
		6886C87322D96EE600F34E86 /* Main.storyboard in Resources */ = {isa = PBXBuildFile; fileRef = 6886C87122D96EE600F34E86 /* Main.storyboard */; };
		6886C87522D96EE900F34E86 /* Assets.xcassets in Resources */ = {isa = PBXBuildFile; fileRef = 6886C87422D96EE900F34E86 /* Assets.xcassets */; };
		6886C87822D96EE900F34E86 /* LaunchScreen.storyboard in Resources */ = {isa = PBXBuildFile; fileRef = 6886C87622D96EE900F34E86 /* LaunchScreen.storyboard */; };
		6886C88022D9743E00F34E86 /* listOfToDosTableViewController.swift in Sources */ = {isa = PBXBuildFile; fileRef = 6886C87F22D9743E00F34E86 /* listOfToDosTableViewController.swift */; };
		6886C88222D97AEE00F34E86 /* toDos.swift in Sources */ = {isa = PBXBuildFile; fileRef = 6886C88122D97AEE00F34E86 /* toDos.swift */; };
		6886C88422D97D0700F34E86 /* toDoTableViewCell.swift in Sources */ = {isa = PBXBuildFile; fileRef = 6886C88322D97D0700F34E86 /* toDoTableViewCell.swift */; };
		6886C88622D9807800F34E86 /* glenda.jpg in Resources */ = {isa = PBXBuildFile; fileRef = 6886C88522D9807800F34E86 /* glenda.jpg */; };
		6886C88822D9868800F34E86 /* detailsViewController.swift in Sources */ = {isa = PBXBuildFile; fileRef = 6886C88722D9868800F34E86 /* detailsViewController.swift */; };
		6886C88A22D9940C00F34E86 /* stella.jpg in Resources */ = {isa = PBXBuildFile; fileRef = 6886C88922D9940C00F34E86 /* stella.jpg */; };
/* End PBXBuildFile section */

/* Begin PBXFileReference section */
		0826D1F522E0495600FAACE8 /* EditTableViewController.swift */ = {isa = PBXFileReference; lastKnownFileType = sourcecode.swift; path = EditTableViewController.swift; sourceTree = "<group>"; };
		08D0A4FE22E201D40042E5BB /* heehee.jpg */ = {isa = PBXFileReference; lastKnownFileType = image.jpeg; path = heehee.jpg; sourceTree = "<group>"; };
		6886C86A22D96EE600F34E86 /* toDo Swift Version.app */ = {isa = PBXFileReference; explicitFileType = wrapper.application; includeInIndex = 0; path = "toDo Swift Version.app"; sourceTree = BUILT_PRODUCTS_DIR; };
		6886C86D22D96EE600F34E86 /* AppDelegate.swift */ = {isa = PBXFileReference; lastKnownFileType = sourcecode.swift; path = AppDelegate.swift; sourceTree = "<group>"; };
		6886C86F22D96EE600F34E86 /* ViewController.swift */ = {isa = PBXFileReference; lastKnownFileType = sourcecode.swift; path = ViewController.swift; sourceTree = "<group>"; };
		6886C87222D96EE600F34E86 /* Base */ = {isa = PBXFileReference; lastKnownFileType = file.storyboard; name = Base; path = Base.lproj/Main.storyboard; sourceTree = "<group>"; };
		6886C87422D96EE900F34E86 /* Assets.xcassets */ = {isa = PBXFileReference; lastKnownFileType = folder.assetcatalog; path = Assets.xcassets; sourceTree = "<group>"; };
		6886C87722D96EE900F34E86 /* Base */ = {isa = PBXFileReference; lastKnownFileType = file.storyboard; name = Base; path = Base.lproj/LaunchScreen.storyboard; sourceTree = "<group>"; };
		6886C87922D96EE900F34E86 /* Info.plist */ = {isa = PBXFileReference; lastKnownFileType = text.plist.xml; path = Info.plist; sourceTree = "<group>"; };
		6886C87F22D9743E00F34E86 /* listOfToDosTableViewController.swift */ = {isa = PBXFileReference; lastKnownFileType = sourcecode.swift; path = listOfToDosTableViewController.swift; sourceTree = "<group>"; };
		6886C88122D97AEE00F34E86 /* toDos.swift */ = {isa = PBXFileReference; lastKnownFileType = sourcecode.swift; path = toDos.swift; sourceTree = "<group>"; };
		6886C88322D97D0700F34E86 /* toDoTableViewCell.swift */ = {isa = PBXFileReference; lastKnownFileType = sourcecode.swift; path = toDoTableViewCell.swift; sourceTree = "<group>"; };
		6886C88522D9807800F34E86 /* glenda.jpg */ = {isa = PBXFileReference; lastKnownFileType = image.jpeg; path = glenda.jpg; sourceTree = "<group>"; };
		6886C88722D9868800F34E86 /* detailsViewController.swift */ = {isa = PBXFileReference; lastKnownFileType = sourcecode.swift; path = detailsViewController.swift; sourceTree = "<group>"; };
		6886C88922D9940C00F34E86 /* stella.jpg */ = {isa = PBXFileReference; lastKnownFileType = image.jpeg; path = stella.jpg; sourceTree = "<group>"; };
/* End PBXFileReference section */

/* Begin PBXFrameworksBuildPhase section */
		6886C86722D96EE600F34E86 /* Frameworks */ = {
			isa = PBXFrameworksBuildPhase;
			buildActionMask = 2147483647;
			files = (
			);
			runOnlyForDeploymentPostprocessing = 0;
		};
/* End PBXFrameworksBuildPhase section */

/* Begin PBXGroup section */
		6886C86122D96EE600F34E86 = {
			isa = PBXGroup;
			children = (
				6886C86C22D96EE600F34E86 /* toDo Swift Version */,
				6886C86B22D96EE600F34E86 /* Products */,
			);
			sourceTree = "<group>";
		};
		6886C86B22D96EE600F34E86 /* Products */ = {
			isa = PBXGroup;
			children = (
				6886C86A22D96EE600F34E86 /* toDo Swift Version.app */,
			);
			name = Products;
			sourceTree = "<group>";
		};
		6886C86C22D96EE600F34E86 /* toDo Swift Version */ = {
			isa = PBXGroup;
			children = (
				6886C88122D97AEE00F34E86 /* toDos.swift */,
				6886C88322D97D0700F34E86 /* toDoTableViewCell.swift */,
				6886C88922D9940C00F34E86 /* stella.jpg */,
				6886C88522D9807800F34E86 /* glenda.jpg */,
				6886C86D22D96EE600F34E86 /* AppDelegate.swift */,
				6886C87F22D9743E00F34E86 /* listOfToDosTableViewController.swift */,
				6886C86F22D96EE600F34E86 /* ViewController.swift */,
				6886C87122D96EE600F34E86 /* Main.storyboard */,
				08D0A4FE22E201D40042E5BB /* heehee.jpg */,
				0826D1F522E0495600FAACE8 /* EditTableViewController.swift */,
				6886C88722D9868800F34E86 /* detailsViewController.swift */,
				6886C87422D96EE900F34E86 /* Assets.xcassets */,
				6886C87622D96EE900F34E86 /* LaunchScreen.storyboard */,
				6886C87922D96EE900F34E86 /* Info.plist */,
			);
			path = "toDo Swift Version";
			sourceTree = "<group>";
		};
/* End PBXGroup section */

/* Begin PBXNativeTarget section */
		6886C86922D96EE600F34E86 /* toDo Swift Version */ = {
			isa = PBXNativeTarget;
			buildConfigurationList = 6886C87C22D96EE900F34E86 /* Build configuration list for PBXNativeTarget "toDo Swift Version" */;
			buildPhases = (
				6886C86622D96EE600F34E86 /* Sources */,
				6886C86722D96EE600F34E86 /* Frameworks */,
				6886C86822D96EE600F34E86 /* Resources */,
			);
			buildRules = (
			);
			dependencies = (
			);
			name = "toDo Swift Version";
			productName = "toDo Swift Version";
			productReference = 6886C86A22D96EE600F34E86 /* toDo Swift Version.app */;
			productType = "com.apple.product-type.application";
		};
/* End PBXNativeTarget section */

/* Begin PBXProject section */
		6886C86222D96EE600F34E86 /* Project object */ = {
			isa = PBXProject;
			attributes = {
				LastSwiftUpdateCheck = 1020;
				LastUpgradeCheck = 1020;
				ORGANIZATIONNAME = "Zoe Tse";
				TargetAttributes = {
					6886C86922D96EE600F34E86 = {
						CreatedOnToolsVersion = 10.2.1;
					};
				};
			};
			buildConfigurationList = 6886C86522D96EE600F34E86 /* Build configuration list for PBXProject "toDo Swift Version" */;
			compatibilityVersion = "Xcode 9.3";
			developmentRegion = en;
			hasScannedForEncodings = 0;
			knownRegions = (
				en,
				Base,
			);
			mainGroup = 6886C86122D96EE600F34E86;
			productRefGroup = 6886C86B22D96EE600F34E86 /* Products */;
			projectDirPath = "";
			projectRoot = "";
			targets = (
				6886C86922D96EE600F34E86 /* toDo Swift Version */,
			);
		};
/* End PBXProject section */

/* Begin PBXResourcesBuildPhase section */
		6886C86822D96EE600F34E86 /* Resources */ = {
			isa = PBXResourcesBuildPhase;
			buildActionMask = 2147483647;
			files = (
				6886C88622D9807800F34E86 /* glenda.jpg in Resources */,
				6886C87822D96EE900F34E86 /* LaunchScreen.storyboard in Resources */,
				6886C87522D96EE900F34E86 /* Assets.xcassets in Resources */,
				6886C87322D96EE600F34E86 /* Main.storyboard in Resources */,
				6886C88A22D9940C00F34E86 /* stella.jpg in Resources */,
				08D0A4FF22E201D40042E5BB /* heehee.jpg in Resources */,
			);
			runOnlyForDeploymentPostprocessing = 0;
		};
/* End PBXResourcesBuildPhase section */

/* Begin PBXSourcesBuildPhase section */
		6886C86622D96EE600F34E86 /* Sources */ = {
			isa = PBXSourcesBuildPhase;
			buildActionMask = 2147483647;
			files = (
				6886C88022D9743E00F34E86 /* listOfToDosTableViewController.swift in Sources */,
				6886C88822D9868800F34E86 /* detailsViewController.swift in Sources */,
				6886C88422D97D0700F34E86 /* toDoTableViewCell.swift in Sources */,
				0826D1F622E0495600FAACE8 /* EditTableViewController.swift in Sources */,
				6886C87022D96EE600F34E86 /* ViewController.swift in Sources */,
				6886C86E22D96EE600F34E86 /* AppDelegate.swift in Sources */,
				6886C88222D97AEE00F34E86 /* toDos.swift in Sources */,
			);
			runOnlyForDeploymentPostprocessing = 0;
		};
/* End PBXSourcesBuildPhase section */

/* Begin PBXVariantGroup section */
		6886C87122D96EE600F34E86 /* Main.storyboard */ = {
			isa = PBXVariantGroup;
			children = (
				6886C87222D96EE600F34E86 /* Base */,
			);
			name = Main.storyboard;
			sourceTree = "<group>";
		};
		6886C87622D96EE900F34E86 /* LaunchScreen.storyboard */ = {
			isa = PBXVariantGroup;
			children = (
				6886C87722D96EE900F34E86 /* Base */,
			);
			name = LaunchScreen.storyboard;
			sourceTree = "<group>";
		};
/* End PBXVariantGroup section */

/* Begin XCBuildConfiguration section */
		6886C87A22D96EE900F34E86 /* Debug */ = {
			isa = XCBuildConfiguration;
			buildSettings = {
				ALWAYS_SEARCH_USER_PATHS = NO;
				CLANG_ANALYZER_NONNULL = YES;
				CLANG_ANALYZER_NUMBER_OBJECT_CONVERSION = YES_AGGRESSIVE;
				CLANG_CXX_LANGUAGE_STANDARD = "gnu++14";
				CLANG_CXX_LIBRARY = "libc++";
				CLANG_ENABLE_MODULES = YES;
				CLANG_ENABLE_OBJC_ARC = YES;
				CLANG_ENABLE_OBJC_WEAK = YES;
				CLANG_WARN_BLOCK_CAPTURE_AUTORELEASING = YES;
				CLANG_WARN_BOOL_CONVERSION = YES;
				CLANG_WARN_COMMA = YES;
				CLANG_WARN_CONSTANT_CONVERSION = YES;
				CLANG_WARN_DEPRECATED_OBJC_IMPLEMENTATIONS = YES;
				CLANG_WARN_DIRECT_OBJC_ISA_USAGE = YES_ERROR;
				CLANG_WARN_DOCUMENTATION_COMMENTS = YES;
				CLANG_WARN_EMPTY_BODY = YES;
				CLANG_WARN_ENUM_CONVERSION = YES;
				CLANG_WARN_INFINITE_RECURSION = YES;
				CLANG_WARN_INT_CONVERSION = YES;
				CLANG_WARN_NON_LITERAL_NULL_CONVERSION = YES;
				CLANG_WARN_OBJC_IMPLICIT_RETAIN_SELF = YES;
				CLANG_WARN_OBJC_LITERAL_CONVERSION = YES;
				CLANG_WARN_OBJC_ROOT_CLASS = YES_ERROR;
				CLANG_WARN_RANGE_LOOP_ANALYSIS = YES;
				CLANG_WARN_STRICT_PROTOTYPES = YES;
				CLANG_WARN_SUSPICIOUS_MOVE = YES;
				CLANG_WARN_UNGUARDED_AVAILABILITY = YES_AGGRESSIVE;
				CLANG_WARN_UNREACHABLE_CODE = YES;
				CLANG_WARN__DUPLICATE_METHOD_MATCH = YES;
				CODE_SIGN_IDENTITY = "iPhone Developer";
				COPY_PHASE_STRIP = NO;
				DEBUG_INFORMATION_FORMAT = dwarf;
				ENABLE_STRICT_OBJC_MSGSEND = YES;
				ENABLE_TESTABILITY = YES;
				GCC_C_LANGUAGE_STANDARD = gnu11;
				GCC_DYNAMIC_NO_PIC = NO;
				GCC_NO_COMMON_BLOCKS = YES;
				GCC_OPTIMIZATION_LEVEL = 0;
				GCC_PREPROCESSOR_DEFINITIONS = (
					"DEBUG=1",
					"$(inherited)",
				);
				GCC_WARN_64_TO_32_BIT_CONVERSION = YES;
				GCC_WARN_ABOUT_RETURN_TYPE = YES_ERROR;
				GCC_WARN_UNDECLARED_SELECTOR = YES;
				GCC_WARN_UNINITIALIZED_AUTOS = YES_AGGRESSIVE;
				GCC_WARN_UNUSED_FUNCTION = YES;
				GCC_WARN_UNUSED_VARIABLE = YES;
				IPHONEOS_DEPLOYMENT_TARGET = 12.2;
				MTL_ENABLE_DEBUG_INFO = INCLUDE_SOURCE;
				MTL_FAST_MATH = YES;
				ONLY_ACTIVE_ARCH = YES;
				SDKROOT = iphoneos;
				SWIFT_ACTIVE_COMPILATION_CONDITIONS = DEBUG;
				SWIFT_OPTIMIZATION_LEVEL = "-Onone";
			};
			name = Debug;
		};
		6886C87B22D96EE900F34E86 /* Release */ = {
			isa = XCBuildConfiguration;
			buildSettings = {
				ALWAYS_SEARCH_USER_PATHS = NO;
				CLANG_ANALYZER_NONNULL = YES;
				CLANG_ANALYZER_NUMBER_OBJECT_CONVERSION = YES_AGGRESSIVE;
				CLANG_CXX_LANGUAGE_STANDARD = "gnu++14";
				CLANG_CXX_LIBRARY = "libc++";
				CLANG_ENABLE_MODULES = YES;
				CLANG_ENABLE_OBJC_ARC = YES;
				CLANG_ENABLE_OBJC_WEAK = YES;
				CLANG_WARN_BLOCK_CAPTURE_AUTORELEASING = YES;
				CLANG_WARN_BOOL_CONVERSION = YES;
				CLANG_WARN_COMMA = YES;
				CLANG_WARN_CONSTANT_CONVERSION = YES;
				CLANG_WARN_DEPRECATED_OBJC_IMPLEMENTATIONS = YES;
				CLANG_WARN_DIRECT_OBJC_ISA_USAGE = YES_ERROR;
				CLANG_WARN_DOCUMENTATION_COMMENTS = YES;
				CLANG_WARN_EMPTY_BODY = YES;
				CLANG_WARN_ENUM_CONVERSION = YES;
				CLANG_WARN_INFINITE_RECURSION = YES;
				CLANG_WARN_INT_CONVERSION = YES;
				CLANG_WARN_NON_LITERAL_NULL_CONVERSION = YES;
				CLANG_WARN_OBJC_IMPLICIT_RETAIN_SELF = YES;
				CLANG_WARN_OBJC_LITERAL_CONVERSION = YES;
				CLANG_WARN_OBJC_ROOT_CLASS = YES_ERROR;
				CLANG_WARN_RANGE_LOOP_ANALYSIS = YES;
				CLANG_WARN_STRICT_PROTOTYPES = YES;
				CLANG_WARN_SUSPICIOUS_MOVE = YES;
				CLANG_WARN_UNGUARDED_AVAILABILITY = YES_AGGRESSIVE;
				CLANG_WARN_UNREACHABLE_CODE = YES;
				CLANG_WARN__DUPLICATE_METHOD_MATCH = YES;
				CODE_SIGN_IDENTITY = "iPhone Developer";
				COPY_PHASE_STRIP = NO;
				DEBUG_INFORMATION_FORMAT = "dwarf-with-dsym";
				ENABLE_NS_ASSERTIONS = NO;
				ENABLE_STRICT_OBJC_MSGSEND = YES;
				GCC_C_LANGUAGE_STANDARD = gnu11;
				GCC_NO_COMMON_BLOCKS = YES;
				GCC_WARN_64_TO_32_BIT_CONVERSION = YES;
				GCC_WARN_ABOUT_RETURN_TYPE = YES_ERROR;
				GCC_WARN_UNDECLARED_SELECTOR = YES;
				GCC_WARN_UNINITIALIZED_AUTOS = YES_AGGRESSIVE;
				GCC_WARN_UNUSED_FUNCTION = YES;
				GCC_WARN_UNUSED_VARIABLE = YES;
				IPHONEOS_DEPLOYMENT_TARGET = 12.2;
				MTL_ENABLE_DEBUG_INFO = NO;
				MTL_FAST_MATH = YES;
				SDKROOT = iphoneos;
				SWIFT_COMPILATION_MODE = wholemodule;
				SWIFT_OPTIMIZATION_LEVEL = "-O";
				VALIDATE_PRODUCT = YES;
			};
			name = Release;
		};
		6886C87D22D96EE900F34E86 /* Debug */ = {
			isa = XCBuildConfiguration;
			buildSettings = {
				ASSETCATALOG_COMPILER_APPICON_NAME = AppIcon;
				CODE_SIGN_STYLE = Automatic;
				DEVELOPMENT_TEAM = KW2R3573U5;
				INFOPLIST_FILE = "toDo Swift Version/Info.plist";
				LD_RUNPATH_SEARCH_PATHS = (
					"$(inherited)",
					"@executable_path/Frameworks",
				);
				PRODUCT_BUNDLE_IDENTIFIER = "sg-minjia.toDo-Swift-Version";
				PRODUCT_NAME = "$(TARGET_NAME)";
				SWIFT_VERSION = 5.0;
				TARGETED_DEVICE_FAMILY = "1,2";
			};
			name = Debug;
		};
		6886C87E22D96EE900F34E86 /* Release */ = {
			isa = XCBuildConfiguration;
			buildSettings = {
				ASSETCATALOG_COMPILER_APPICON_NAME = AppIcon;
				CODE_SIGN_STYLE = Automatic;
				DEVELOPMENT_TEAM = KW2R3573U5;
				INFOPLIST_FILE = "toDo Swift Version/Info.plist";
				LD_RUNPATH_SEARCH_PATHS = (
					"$(inherited)",
					"@executable_path/Frameworks",
				);
				PRODUCT_BUNDLE_IDENTIFIER = "sg-minjia.toDo-Swift-Version";
				PRODUCT_NAME = "$(TARGET_NAME)";
				SWIFT_VERSION = 5.0;
				TARGETED_DEVICE_FAMILY = "1,2";
			};
			name = Release;
		};
/* End XCBuildConfiguration section */

/* Begin XCConfigurationList section */
		6886C86522D96EE600F34E86 /* Build configuration list for PBXProject "toDo Swift Version" */ = {
			isa = XCConfigurationList;
			buildConfigurations = (
				6886C87A22D96EE900F34E86 /* Debug */,
				6886C87B22D96EE900F34E86 /* Release */,
			);
			defaultConfigurationIsVisible = 0;
			defaultConfigurationName = Release;
		};
		6886C87C22D96EE900F34E86 /* Build configuration list for PBXNativeTarget "toDo Swift Version" */ = {
			isa = XCConfigurationList;
			buildConfigurations = (
				6886C87D22D96EE900F34E86 /* Debug */,
				6886C87E22D96EE900F34E86 /* Release */,
			);
			defaultConfigurationIsVisible = 0;
			defaultConfigurationName = Release;
		};
/* End XCConfigurationList section */
	};
	rootObject = 6886C86222D96EE600F34E86 /* Project object */;
}
